
Microsoft Visual Studio Solution File, Format Version 12.00
# Visual Studio Version 17
VisualStudioVersion = 17.0.31903.59
MinimumVisualStudioVersion = 10.0.40219.1
Project("{FAE04EC0-301F-11D3-BF4B-00C04F79EFBC}") = "hamaraBasket", "hamaraBasket\hamaraBasket.csproj", "{B3704EFE-5152-42EB-9D1F-BC4B1F765A32}"
EndProject
Project("{FAE04EC0-301F-11D3-BF4B-00C04F79EFBC}") = "hamaraBasket.Tests", "hamaraBasket.Tests\hamaraBasket.Tests.csproj", "{EF028BEC-AED4-47E1-8AB6-FDDAA0BFE7C5}"
EndProject
Global
	GlobalSection(SolutionConfigurationPlatforms) = preSolution
		Debug|Any CPU = Debug|Any CPU
		Release|Any CPU = Release|Any CPU
	EndGlobalSection
	GlobalSection(SolutionProperties) = preSolution
		HideSolutionNode = FALSE
	EndGlobalSection
	GlobalSection(ProjectConfigurationPlatforms) = postSolution
		{B3704EFE-5152-42EB-9D1F-BC4B1F765A32}.Debug|Any CPU.ActiveCfg = Debug|Any CPU
		{B3704EFE-5152-42EB-9D1F-BC4B1F765A32}.Debug|Any CPU.Build.0 = Debug|Any CPU
		{B3704EFE-5152-42EB-9D1F-BC4B1F765A32}.Release|Any CPU.ActiveCfg = Release|Any CPU
		{B3704EFE-5152-42EB-9D1F-BC4B1F765A32}.Release|Any CPU.Build.0 = Release|Any CPU
		{EF028BEC-AED4-47E1-8AB6-FDDAA0BFE7C5}.Debug|Any CPU.ActiveCfg = Debug|Any CPU
		{EF028BEC-AED4-47E1-8AB6-FDDAA0BFE7C5}.Debug|Any CPU.Build.0 = Debug|Any CPU
		{EF028BEC-AED4-47E1-8AB6-FDDAA0BFE7C5}.Release|Any CPU.ActiveCfg = Release|Any CPU
		{EF028BEC-AED4-47E1-8AB6-FDDAA0BFE7C5}.Release|Any CPU.Build.0 = Release|Any CPU
	EndGlobalSection
EndGlobal
